
Microsoft Visual Studio Solution File, Format Version 12.00
# Visual Studio Version 16
VisualStudioVersion = 16.0.30517.126
MinimumVisualStudioVersion = 10.0.40219.1
Project("{9A19103F-16F7-4668-BE54-9A1E7A4F7556}") = "TheDiveLog.Server", "Server\TheDiveLog.Server.csproj", "{D0BB4256-4029-4DD2-A842-421F90435EF2}"
EndProject
Project("{9A19103F-16F7-4668-BE54-9A1E7A4F7556}") = "TheDiveLog.Client", "Client\TheDiveLog.Client.csproj", "{D9272B72-5C32-467B-AFB9-7C42DB433223}"
EndProject
Project("{9A19103F-16F7-4668-BE54-9A1E7A4F7556}") = "TheDiveLog.Shared", "Shared\TheDiveLog.Shared.csproj", "{0AAE51EF-3B4D-40C4-B7BB-58503297077E}"
EndProject
Global
	GlobalSection(SolutionConfigurationPlatforms) = preSolution
		Debug|Any CPU = Debug|Any CPU
		Release|Any CPU = Release|Any CPU
	EndGlobalSection
	GlobalSection(ProjectConfigurationPlatforms) = postSolution
		{D0BB4256-4029-4DD2-A842-421F90435EF2}.Debug|Any CPU.ActiveCfg = Debug|Any CPU
		{D0BB4256-4029-4DD2-A842-421F90435EF2}.Debug|Any CPU.Build.0 = Debug|Any CPU
		{D0BB4256-4029-4DD2-A842-421F90435EF2}.Release|Any CPU.ActiveCfg = Release|Any CPU
		{D0BB4256-4029-4DD2-A842-421F90435EF2}.Release|Any CPU.Build.0 = Release|Any CPU
		{D9272B72-5C32-467B-AFB9-7C42DB433223}.Debug|Any CPU.ActiveCfg = Debug|Any CPU
		{D9272B72-5C32-467B-AFB9-7C42DB433223}.Debug|Any CPU.Build.0 = Debug|Any CPU
		{D9272B72-5C32-467B-AFB9-7C42DB433223}.Release|Any CPU.ActiveCfg = Release|Any CPU
		{D9272B72-5C32-467B-AFB9-7C42DB433223}.Release|Any CPU.Build.0 = Release|Any CPU
		{0AAE51EF-3B4D-40C4-B7BB-58503297077E}.Debug|Any CPU.ActiveCfg = Debug|Any CPU
		{0AAE51EF-3B4D-40C4-B7BB-58503297077E}.Debug|Any CPU.Build.0 = Debug|Any CPU
		{0AAE51EF-3B4D-40C4-B7BB-58503297077E}.Release|Any CPU.ActiveCfg = Release|Any CPU
		{0AAE51EF-3B4D-40C4-B7BB-58503297077E}.Release|Any CPU.Build.0 = Release|Any CPU
	EndGlobalSection
	GlobalSection(SolutionProperties) = preSolution
		HideSolutionNode = FALSE
	EndGlobalSection
	GlobalSection(ExtensibilityGlobals) = postSolution
		SolutionGuid = {88B9C795-D773-4CC4-9209-CBE8B54DC350}
	EndGlobalSection
EndGlobal
